
Microsoft Visual Studio Solution File, Format Version 12.00
# Visual Studio 2013
VisualStudioVersion = 12.0.31101.0
MinimumVisualStudioVersion = 10.0.40219.1
Project("{FAE04EC0-301F-11D3-BF4B-00C04F79EFBC}") = "Dblp.WebUi", "Dblp.WebUi\Dblp.WebUi.csproj", "{762071B0-821B-4892-806E-4DDECB00F59B}"
EndProject
Project("{FAE04EC0-301F-11D3-BF4B-00C04F79EFBC}") = "Dblp.WebUi.Tests", "Dblp.WebUi.Tests\Dblp.WebUi.Tests.csproj", "{1E44878E-9C5B-43D1-BA04-D06C06C07529}"
EndProject
Project("{FAE04EC0-301F-11D3-BF4B-00C04F79EFBC}") = "Dblp.Domain", "Dblp.Domain\Dblp.Domain.csproj", "{2F98EF3F-399C-4C22-9A91-88425093BAC2}"
EndProject
Project("{FAE04EC0-301F-11D3-BF4B-00C04F79EFBC}") = "Dblp.Domain.Test", "Dblp.Domain.Test\Dblp.Domain.Test.csproj", "{1EFD434F-5664-4DD8-A498-96F3045F6918}"
EndProject
Project("{2150E333-8FDC-42A3-9474-1A3956D46DE8}") = "Solution Items", "Solution Items", "{754F9151-BB4A-4EDB-9993-FECC65207382}"
	ProjectSection(SolutionItems) = preProject
		license.md = license.md
		README.md = README.md
	EndProjectSection
EndProject
Project("{FAE04EC0-301F-11D3-BF4B-00C04F79EFBC}") = "Dblp.Data", "Dblp.Data\Dblp.Data.csproj", "{12292979-4AD2-4F73-A0CE-346D228E6F6D}"
EndProject
Project("{FAE04EC0-301F-11D3-BF4B-00C04F79EFBC}") = "Dblp.Helper", "Dblp.Helper\Dblp.Helper.csproj", "{FD29D050-9450-4F2D-BDAD-9D3962876669}"
EndProject
Project("{FAE04EC0-301F-11D3-BF4B-00C04F79EFBC}") = "Dblp.Data.Interfaces", "Dblp.Data.Interfaces\Dblp.Data.Interfaces.csproj", "{519DDFD5-B19E-45DF-B311-4CC130E9C2A9}"
EndProject
Project("{2150E333-8FDC-42A3-9474-1A3956D46DE8}") = "01 Data", "01 Data", "{97625A7E-95FD-4FA9-A8A2-298AD2B5C0F9}"
EndProject
Project("{2150E333-8FDC-42A3-9474-1A3956D46DE8}") = "02 Domain", "02 Domain", "{C9FC1CAD-A7DE-48E3-885B-CF3BB55A5BA2}"
EndProject
Project("{2150E333-8FDC-42A3-9474-1A3956D46DE8}") = "04 Test", "04 Test", "{981D84EA-8843-44CE-9F6E-99DC8ADFCD51}"
EndProject
Project("{2150E333-8FDC-42A3-9474-1A3956D46DE8}") = "03 Frontend", "03 Frontend", "{8A5144B9-F175-4707-9635-637E2C08DD9F}"
EndProject
Project("{2150E333-8FDC-42A3-9474-1A3956D46DE8}") = "05 Helper", "05 Helper", "{D866EA7D-73F4-487D-A3B0-DF48DE62D256}"
EndProject
Project("{FAE04EC0-301F-11D3-BF4B-00C04F79EFBC}") = "Dblp.Domain.Interfaces", "Dblp.Domain.Interfaces\Dblp.Domain.Interfaces.csproj", "{58FD2F03-DA94-4B03-B364-8954653719A0}"
EndProject
Global
	GlobalSection(SolutionConfigurationPlatforms) = preSolution
		Debug|Any CPU = Debug|Any CPU
		Release|Any CPU = Release|Any CPU
	EndGlobalSection
	GlobalSection(ProjectConfigurationPlatforms) = postSolution
		{762071B0-821B-4892-806E-4DDECB00F59B}.Debug|Any CPU.ActiveCfg = Debug|Any CPU
		{762071B0-821B-4892-806E-4DDECB00F59B}.Debug|Any CPU.Build.0 = Debug|Any CPU
		{762071B0-821B-4892-806E-4DDECB00F59B}.Release|Any CPU.ActiveCfg = Release|Any CPU
		{762071B0-821B-4892-806E-4DDECB00F59B}.Release|Any CPU.Build.0 = Release|Any CPU
		{1E44878E-9C5B-43D1-BA04-D06C06C07529}.Debug|Any CPU.ActiveCfg = Debug|Any CPU
		{1E44878E-9C5B-43D1-BA04-D06C06C07529}.Debug|Any CPU.Build.0 = Debug|Any CPU
		{1E44878E-9C5B-43D1-BA04-D06C06C07529}.Release|Any CPU.ActiveCfg = Release|Any CPU
		{1E44878E-9C5B-43D1-BA04-D06C06C07529}.Release|Any CPU.Build.0 = Release|Any CPU
		{2F98EF3F-399C-4C22-9A91-88425093BAC2}.Debug|Any CPU.ActiveCfg = Debug|Any CPU
		{2F98EF3F-399C-4C22-9A91-88425093BAC2}.Debug|Any CPU.Build.0 = Debug|Any CPU
		{2F98EF3F-399C-4C22-9A91-88425093BAC2}.Release|Any CPU.ActiveCfg = Release|Any CPU
		{2F98EF3F-399C-4C22-9A91-88425093BAC2}.Release|Any CPU.Build.0 = Release|Any CPU
		{1EFD434F-5664-4DD8-A498-96F3045F6918}.Debug|Any CPU.ActiveCfg = Debug|Any CPU
		{1EFD434F-5664-4DD8-A498-96F3045F6918}.Debug|Any CPU.Build.0 = Debug|Any CPU
		{1EFD434F-5664-4DD8-A498-96F3045F6918}.Release|Any CPU.ActiveCfg = Release|Any CPU
		{1EFD434F-5664-4DD8-A498-96F3045F6918}.Release|Any CPU.Build.0 = Release|Any CPU
		{12292979-4AD2-4F73-A0CE-346D228E6F6D}.Debug|Any CPU.ActiveCfg = Debug|Any CPU
		{12292979-4AD2-4F73-A0CE-346D228E6F6D}.Debug|Any CPU.Build.0 = Debug|Any CPU
		{12292979-4AD2-4F73-A0CE-346D228E6F6D}.Release|Any CPU.ActiveCfg = Release|Any CPU
		{12292979-4AD2-4F73-A0CE-346D228E6F6D}.Release|Any CPU.Build.0 = Release|Any CPU
		{FD29D050-9450-4F2D-BDAD-9D3962876669}.Debug|Any CPU.ActiveCfg = Debug|Any CPU
		{FD29D050-9450-4F2D-BDAD-9D3962876669}.Debug|Any CPU.Build.0 = Debug|Any CPU
		{FD29D050-9450-4F2D-BDAD-9D3962876669}.Release|Any CPU.ActiveCfg = Release|Any CPU
		{FD29D050-9450-4F2D-BDAD-9D3962876669}.Release|Any CPU.Build.0 = Release|Any CPU
		{519DDFD5-B19E-45DF-B311-4CC130E9C2A9}.Debug|Any CPU.ActiveCfg = Debug|Any CPU
		{519DDFD5-B19E-45DF-B311-4CC130E9C2A9}.Debug|Any CPU.Build.0 = Debug|Any CPU
		{519DDFD5-B19E-45DF-B311-4CC130E9C2A9}.Release|Any CPU.ActiveCfg = Release|Any CPU
		{519DDFD5-B19E-45DF-B311-4CC130E9C2A9}.Release|Any CPU.Build.0 = Release|Any CPU
		{58FD2F03-DA94-4B03-B364-8954653719A0}.Debug|Any CPU.ActiveCfg = Debug|Any CPU
		{58FD2F03-DA94-4B03-B364-8954653719A0}.Debug|Any CPU.Build.0 = Debug|Any CPU
		{58FD2F03-DA94-4B03-B364-8954653719A0}.Release|Any CPU.ActiveCfg = Release|Any CPU
		{58FD2F03-DA94-4B03-B364-8954653719A0}.Release|Any CPU.Build.0 = Release|Any CPU
	EndGlobalSection
	GlobalSection(SolutionProperties) = preSolution
		HideSolutionNode = FALSE
	EndGlobalSection
	GlobalSection(NestedProjects) = preSolution
		{762071B0-821B-4892-806E-4DDECB00F59B} = {8A5144B9-F175-4707-9635-637E2C08DD9F}
		{1E44878E-9C5B-43D1-BA04-D06C06C07529} = {981D84EA-8843-44CE-9F6E-99DC8ADFCD51}
		{2F98EF3F-399C-4C22-9A91-88425093BAC2} = {C9FC1CAD-A7DE-48E3-885B-CF3BB55A5BA2}
		{1EFD434F-5664-4DD8-A498-96F3045F6918} = {981D84EA-8843-44CE-9F6E-99DC8ADFCD51}
		{12292979-4AD2-4F73-A0CE-346D228E6F6D} = {97625A7E-95FD-4FA9-A8A2-298AD2B5C0F9}
		{FD29D050-9450-4F2D-BDAD-9D3962876669} = {D866EA7D-73F4-487D-A3B0-DF48DE62D256}
		{519DDFD5-B19E-45DF-B311-4CC130E9C2A9} = {97625A7E-95FD-4FA9-A8A2-298AD2B5C0F9}
		{58FD2F03-DA94-4B03-B364-8954653719A0} = {C9FC1CAD-A7DE-48E3-885B-CF3BB55A5BA2}
	EndGlobalSection
EndGlobal
