
Microsoft Visual Studio Solution File, Format Version 12.00
# Visual Studio 2013
VisualStudioVersion = 12.0.31101.0
MinimumVisualStudioVersion = 10.0.40219.1
Project("{FAE04EC0-301F-11D3-BF4B-00C04F79EFBC}") = "Dblp.WebUi", "Dblp.WebUi\Dblp.WebUi.csproj", "{762071B0-821B-4892-806E-4DDECB00F59B}"
EndProject
Project("{FAE04EC0-301F-11D3-BF4B-00C04F79EFBC}") = "Dblp.WebUi.Tests", "Dblp.WebUi.Tests\Dblp.WebUi.Tests.csproj", "{1E44878E-9C5B-43D1-BA04-D06C06C07529}"
EndProject
Project("{FAE04EC0-301F-11D3-BF4B-00C04F79EFBC}") = "Dblp.Domain", "Dblp.Domain\Dblp.Domain.csproj", "{2F98EF3F-399C-4C22-9A91-88425093BAC2}"
EndProject
Project("{FAE04EC0-301F-11D3-BF4B-00C04F79EFBC}") = "Dblp.Domain.Test", "Dblp.Domain.Test\Dblp.Domain.Test.csproj", "{1EFD434F-5664-4DD8-A498-96F3045F6918}"
EndProject
Project("{2150E333-8FDC-42A3-9474-1A3956D46DE8}") = "Solution Items", "Solution Items", "{754F9151-BB4A-4EDB-9993-FECC65207382}"
	ProjectSection(SolutionItems) = preProject
		README.md = README.md
	EndProjectSection
EndProject
Global
	GlobalSection(SolutionConfigurationPlatforms) = preSolution
		Debug|Any CPU = Debug|Any CPU
		Release|Any CPU = Release|Any CPU
	EndGlobalSection
	GlobalSection(ProjectConfigurationPlatforms) = postSolution
		{762071B0-821B-4892-806E-4DDECB00F59B}.Debug|Any CPU.ActiveCfg = Debug|Any CPU
		{762071B0-821B-4892-806E-4DDECB00F59B}.Debug|Any CPU.Build.0 = Debug|Any CPU
		{762071B0-821B-4892-806E-4DDECB00F59B}.Release|Any CPU.ActiveCfg = Release|Any CPU
		{762071B0-821B-4892-806E-4DDECB00F59B}.Release|Any CPU.Build.0 = Release|Any CPU
		{1E44878E-9C5B-43D1-BA04-D06C06C07529}.Debug|Any CPU.ActiveCfg = Debug|Any CPU
		{1E44878E-9C5B-43D1-BA04-D06C06C07529}.Debug|Any CPU.Build.0 = Debug|Any CPU
		{1E44878E-9C5B-43D1-BA04-D06C06C07529}.Release|Any CPU.ActiveCfg = Release|Any CPU
		{1E44878E-9C5B-43D1-BA04-D06C06C07529}.Release|Any CPU.Build.0 = Release|Any CPU
		{2F98EF3F-399C-4C22-9A91-88425093BAC2}.Debug|Any CPU.ActiveCfg = Debug|Any CPU
		{2F98EF3F-399C-4C22-9A91-88425093BAC2}.Debug|Any CPU.Build.0 = Debug|Any CPU
		{2F98EF3F-399C-4C22-9A91-88425093BAC2}.Release|Any CPU.ActiveCfg = Release|Any CPU
		{2F98EF3F-399C-4C22-9A91-88425093BAC2}.Release|Any CPU.Build.0 = Release|Any CPU
		{1EFD434F-5664-4DD8-A498-96F3045F6918}.Debug|Any CPU.ActiveCfg = Debug|Any CPU
		{1EFD434F-5664-4DD8-A498-96F3045F6918}.Debug|Any CPU.Build.0 = Debug|Any CPU
		{1EFD434F-5664-4DD8-A498-96F3045F6918}.Release|Any CPU.ActiveCfg = Release|Any CPU
		{1EFD434F-5664-4DD8-A498-96F3045F6918}.Release|Any CPU.Build.0 = Release|Any CPU
	EndGlobalSection
	GlobalSection(SolutionProperties) = preSolution
		HideSolutionNode = FALSE
	EndGlobalSection
EndGlobal
